
Microsoft Visual Studio Solution File, Format Version 12.00
# Visual Studio Version 17
VisualStudioVersion = 17.4.33213.308
MinimumVisualStudioVersion = 10.0.40219.1
Project("{FAE04EC0-301F-11D3-BF4B-00C04F79EFBC}") = "RapidAPI-Test", "RapidAPI-Test.csproj", "{C7467381-D91E-4693-99E3-4F7935551CF0}"
EndProject
Global
	GlobalSection(SolutionConfigurationPlatforms) = preSolution
		Debug|Any CPU = Debug|Any CPU
		Release|Any CPU = Release|Any CPU
	EndGlobalSection
	GlobalSection(ProjectConfigurationPlatforms) = postSolution
		{C7467381-D91E-4693-99E3-4F7935551CF0}.Debug|Any CPU.ActiveCfg = Debug|Any CPU
		{C7467381-D91E-4693-99E3-4F7935551CF0}.Debug|Any CPU.Build.0 = Debug|Any CPU
		{C7467381-D91E-4693-99E3-4F7935551CF0}.Release|Any CPU.ActiveCfg = Release|Any CPU
		{C7467381-D91E-4693-99E3-4F7935551CF0}.Release|Any CPU.Build.0 = Release|Any CPU
	EndGlobalSection
	GlobalSection(SolutionProperties) = preSolution
		HideSolutionNode = FALSE
	EndGlobalSection
	GlobalSection(ExtensibilityGlobals) = postSolution
		SolutionGuid = {F3E8FAC9-0597-44CB-B395-56B2ACDB40CC}
	EndGlobalSection
EndGlobal
